
Microsoft Visual Studio Solution File, Format Version 12.00
# Visual Studio for Mac
Project("{FAE04EC0-301F-11D3-BF4B-00C04F79EFBC}") = "Assembly-CSharp", "Assembly-CSharp.csproj", "{ED546107-A356-509D-06A7-A9C7DA1EB05C}"
EndProject
Project("{FAE04EC0-301F-11D3-BF4B-00C04F79EFBC}") = "Assembly-CSharp-Editor", "Assembly-CSharp-Editor.csproj", "{997FC41B-4359-D2A4-1E31-F717FB6F8773}"
EndProject
Global
	GlobalSection(SolutionConfigurationPlatforms) = preSolution
		Debug|Any CPU = Debug|Any CPU
		Release|Any CPU = Release|Any CPU
	EndGlobalSection
	GlobalSection(ProjectConfigurationPlatforms) = postSolution
		{ED546107-A356-509D-06A7-A9C7DA1EB05C}.Debug|Any CPU.ActiveCfg = Debug|Any CPU
		{ED546107-A356-509D-06A7-A9C7DA1EB05C}.Debug|Any CPU.Build.0 = Debug|Any CPU
		{ED546107-A356-509D-06A7-A9C7DA1EB05C}.Release|Any CPU.ActiveCfg = Release|Any CPU
		{ED546107-A356-509D-06A7-A9C7DA1EB05C}.Release|Any CPU.Build.0 = Release|Any CPU
		{997FC41B-4359-D2A4-1E31-F717FB6F8773}.Debug|Any CPU.ActiveCfg = Debug|Any CPU
		{997FC41B-4359-D2A4-1E31-F717FB6F8773}.Debug|Any CPU.Build.0 = Debug|Any CPU
		{997FC41B-4359-D2A4-1E31-F717FB6F8773}.Release|Any CPU.ActiveCfg = Release|Any CPU
		{997FC41B-4359-D2A4-1E31-F717FB6F8773}.Release|Any CPU.Build.0 = Release|Any CPU
	EndGlobalSection
	GlobalSection(SolutionProperties) = preSolution
		HideSolutionNode = FALSE
	EndGlobalSection
EndGlobal
